
Microsoft Visual Studio Solution File, Format Version 12.00
# Visual Studio Version 17
VisualStudioVersion = 17.10.34916.146
MinimumVisualStudioVersion = 10.0.40219.1
Project("{9A19103F-16F7-4668-BE54-9A1E7A4F7556}") = "App", "WebServerTutorial\App.csproj", "{898E610B-D278-43EC-844C-7CDCEB3E3573}"
EndProject
Project("{FAE04EC0-301F-11D3-BF4B-00C04F79EFBC}") = "Server", "Server\Server.csproj", "{360117E6-8D06-485E-8FF6-2F076BACE65A}"
EndProject
Global
	GlobalSection(SolutionConfigurationPlatforms) = preSolution
		Debug|Any CPU = Debug|Any CPU
		Release|Any CPU = Release|Any CPU
	EndGlobalSection
	GlobalSection(ProjectConfigurationPlatforms) = postSolution
		{898E610B-D278-43EC-844C-7CDCEB3E3573}.Debug|Any CPU.ActiveCfg = Debug|Any CPU
		{898E610B-D278-43EC-844C-7CDCEB3E3573}.Debug|Any CPU.Build.0 = Debug|Any CPU
		{898E610B-D278-43EC-844C-7CDCEB3E3573}.Release|Any CPU.ActiveCfg = Release|Any CPU
		{898E610B-D278-43EC-844C-7CDCEB3E3573}.Release|Any CPU.Build.0 = Release|Any CPU
		{360117E6-8D06-485E-8FF6-2F076BACE65A}.Debug|Any CPU.ActiveCfg = Debug|Any CPU
		{360117E6-8D06-485E-8FF6-2F076BACE65A}.Debug|Any CPU.Build.0 = Debug|Any CPU
		{360117E6-8D06-485E-8FF6-2F076BACE65A}.Release|Any CPU.ActiveCfg = Release|Any CPU
		{360117E6-8D06-485E-8FF6-2F076BACE65A}.Release|Any CPU.Build.0 = Release|Any CPU
	EndGlobalSection
	GlobalSection(SolutionProperties) = preSolution
		HideSolutionNode = FALSE
	EndGlobalSection
	GlobalSection(ExtensibilityGlobals) = postSolution
		SolutionGuid = {8961E63B-B319-44AA-B3D8-DFB8DB43019A}
	EndGlobalSection
EndGlobal
